
Microsoft Visual Studio Solution File, Format Version 12.00
# Visual Studio Version 17
VisualStudioVersion = 17.11.35208.52
MinimumVisualStudioVersion = 10.0.40219.1
Project("{FAE04EC0-301F-11D3-BF4B-00C04F79EFBC}") = "ChatAI", "ChatAI.csproj", "{F9DB7504-FC99-4D1F-A795-597BB0F67EB6}"
EndProject
Global
	GlobalSection(SolutionConfigurationPlatforms) = preSolution
		Debug|Any CPU = Debug|Any CPU
		Release|Any CPU = Release|Any CPU
	EndGlobalSection
	GlobalSection(ProjectConfigurationPlatforms) = postSolution
		{F9DB7504-FC99-4D1F-A795-597BB0F67EB6}.Debug|Any CPU.ActiveCfg = Debug|Any CPU
		{F9DB7504-FC99-4D1F-A795-597BB0F67EB6}.Debug|Any CPU.Build.0 = Debug|Any CPU
		{F9DB7504-FC99-4D1F-A795-597BB0F67EB6}.Release|Any CPU.ActiveCfg = Release|Any CPU
		{F9DB7504-FC99-4D1F-A795-597BB0F67EB6}.Release|Any CPU.Build.0 = Release|Any CPU
	EndGlobalSection
	GlobalSection(SolutionProperties) = preSolution
		HideSolutionNode = FALSE
	EndGlobalSection
	GlobalSection(ExtensibilityGlobals) = postSolution
		SolutionGuid = {38E103C5-7E12-405C-B1AF-1FB93CF30C19}
	EndGlobalSection
EndGlobal
